
Microsoft Visual Studio Solution File, Format Version 12.00
# Visual Studio Version 16
VisualStudioVersion = 16.0.28902.138
MinimumVisualStudioVersion = 10.0.40219.1
Project("{FAE04EC0-301F-11D3-BF4B-00C04F79EFBC}") = "MyFirstWinformsApp", "MyFirstWinformsApp\MyFirstWinformsApp.csproj", "{36B4EE1A-2F8F-4C40-9506-B77BB6AAA93C}"
EndProject
Global
	GlobalSection(SolutionConfigurationPlatforms) = preSolution
		Debug|Any CPU = Debug|Any CPU
		Release|Any CPU = Release|Any CPU
	EndGlobalSection
	GlobalSection(ProjectConfigurationPlatforms) = postSolution
		{36B4EE1A-2F8F-4C40-9506-B77BB6AAA93C}.Debug|Any CPU.ActiveCfg = Debug|Any CPU
		{36B4EE1A-2F8F-4C40-9506-B77BB6AAA93C}.Debug|Any CPU.Build.0 = Debug|Any CPU
		{36B4EE1A-2F8F-4C40-9506-B77BB6AAA93C}.Release|Any CPU.ActiveCfg = Release|Any CPU
		{36B4EE1A-2F8F-4C40-9506-B77BB6AAA93C}.Release|Any CPU.Build.0 = Release|Any CPU
	EndGlobalSection
	GlobalSection(SolutionProperties) = preSolution
		HideSolutionNode = FALSE
	EndGlobalSection
	GlobalSection(ExtensibilityGlobals) = postSolution
		SolutionGuid = {C399514E-B7E4-44E6-A5B7-7607FF853B19}
	EndGlobalSection
EndGlobal
