
Microsoft Visual Studio Solution File, Format Version 12.00
# Visual Studio 15
VisualStudioVersion = 15.0.28010.2046
MinimumVisualStudioVersion = 10.0.40219.1
Project("{FAE04EC0-301F-11D3-BF4B-00C04F79EFBC}") = "RobsList", "RobsList\RobsList.csproj", "{01EED80E-EF75-4F7B-84EE-2A4A946FBD50}"
EndProject
Project("{FAE04EC0-301F-11D3-BF4B-00C04F79EFBC}") = "FunStuff", "FunStuff\FunStuff.csproj", "{672F266C-05CE-4668-BEC2-8A9A320608C0}"
EndProject
Global
	GlobalSection(SolutionConfigurationPlatforms) = preSolution
		Debug|Any CPU = Debug|Any CPU
		Release|Any CPU = Release|Any CPU
	EndGlobalSection
	GlobalSection(ProjectConfigurationPlatforms) = postSolution
		{01EED80E-EF75-4F7B-84EE-2A4A946FBD50}.Debug|Any CPU.ActiveCfg = Debug|Any CPU
		{01EED80E-EF75-4F7B-84EE-2A4A946FBD50}.Debug|Any CPU.Build.0 = Debug|Any CPU
		{01EED80E-EF75-4F7B-84EE-2A4A946FBD50}.Release|Any CPU.ActiveCfg = Release|Any CPU
		{01EED80E-EF75-4F7B-84EE-2A4A946FBD50}.Release|Any CPU.Build.0 = Release|Any CPU
		{672F266C-05CE-4668-BEC2-8A9A320608C0}.Debug|Any CPU.ActiveCfg = Debug|Any CPU
		{672F266C-05CE-4668-BEC2-8A9A320608C0}.Debug|Any CPU.Build.0 = Debug|Any CPU
		{672F266C-05CE-4668-BEC2-8A9A320608C0}.Release|Any CPU.ActiveCfg = Release|Any CPU
		{672F266C-05CE-4668-BEC2-8A9A320608C0}.Release|Any CPU.Build.0 = Release|Any CPU
	EndGlobalSection
	GlobalSection(SolutionProperties) = preSolution
		HideSolutionNode = FALSE
	EndGlobalSection
	GlobalSection(ExtensibilityGlobals) = postSolution
		SolutionGuid = {D6281549-6B0E-487C-BBE3-E6935A24587C}
	EndGlobalSection
EndGlobal
